
Microsoft Visual Studio Solution File, Format Version 12.00
# Visual Studio 15
VisualStudioVersion = 15.0.27703.2047
MinimumVisualStudioVersion = 10.0.40219.1
Project("{FAE04EC0-301F-11D3-BF4B-00C04F79EFBC}") = "ImoAnalyticsSystem", "ImoAnalyticsSystem\ImoAnalyticsSystem.csproj", "{69E3325C-1136-430A-9CDE-2661B8D41935}"
EndProject
Global
	GlobalSection(SolutionConfigurationPlatforms) = preSolution
		Debug|Any CPU = Debug|Any CPU
		Release|Any CPU = Release|Any CPU
	EndGlobalSection
	GlobalSection(ProjectConfigurationPlatforms) = postSolution
		{69E3325C-1136-430A-9CDE-2661B8D41935}.Debug|Any CPU.ActiveCfg = Debug|Any CPU
		{69E3325C-1136-430A-9CDE-2661B8D41935}.Debug|Any CPU.Build.0 = Debug|Any CPU
		{69E3325C-1136-430A-9CDE-2661B8D41935}.Release|Any CPU.ActiveCfg = Release|Any CPU
		{69E3325C-1136-430A-9CDE-2661B8D41935}.Release|Any CPU.Build.0 = Release|Any CPU
	EndGlobalSection
	GlobalSection(SolutionProperties) = preSolution
		HideSolutionNode = FALSE
	EndGlobalSection
	GlobalSection(ExtensibilityGlobals) = postSolution
		SolutionGuid = {717EAFD8-3749-4609-A763-535269835EB0}
	EndGlobalSection
EndGlobal
